[0m[1mdata.archive_file.pdftotxt_zip: Reading...[0m[0m
[0m[1mdata.archive_file.gateway_zip: Reading...[0m[0m
[0m[1mdata.archive_file.upload_zip: Reading...[0m[0m
[0m[1mdata.archive_file.search_zip: Reading...[0m[0m
[0m[1mdata.archive_file.upload_zip: Read complete after 0s [id=3032b9b8bd635ead836ef73fa24a0ac44db12c2e][0m
[0m[1mdata.archive_file.gateway_zip: Read complete after 0s [id=2bfe0d580c18876477747fdc743f980d23afdd2a][0m
[0m[1mdata.archive_file.search_zip: Read complete after 0s [id=c14350307fdd370da3dbe31f49045ff857d35501][0m
[0m[1mdata.archive_file.pdftotxt_zip: Read complete after 0s [id=1a1a8dcd3ee0b427b4974e31a921fef63ed52f8b][0m
[0m[1mdata.aws_iam_policy_document.assume_lambda: Reading...[0m[0m
[0m[1mdata.aws_caller_identity.me: Reading...[0m[0m
[0m[1mdata.aws_iam_policy_document.assume_lambda: Read complete after 0s [id=2690255455][0m
[0m[1mdata.aws_caller_identity.me: Read complete after 0s [id=138312698703][0m

Terraform used the selected providers to generate the following execution
plan. Resource actions are indicated with the following symbols:
  [32m+[0m create[0m

Terraform will perform the following actions:

[1m  # aws_eip.nat[0][0m will be created
[0m  [32m+[0m[0m resource "aws_eip" "nat" {
      [32m+[0m[0m allocation_id        = (known after apply)
      [32m+[0m[0m arn                  = (known after apply)
      [32m+[0m[0m association_id       = (known after apply)
      [32m+[0m[0m carrier_ip           = (known after apply)
      [32m+[0m[0m customer_owned_ip    = (known after apply)
      [32m+[0m[0m domain               = "vpc"
      [32m+[0m[0m id                   = (known after apply)
      [32m+[0m[0m instance             = (known after apply)
      [32m+[0m[0m ipam_pool_id         = (known after apply)
      [32m+[0m[0m network_border_group = (known after apply)
      [32m+[0m[0m network_interface    = (known after apply)
      [32m+[0m[0m private_dns          = (known after apply)
      [32m+[0m[0m private_ip           = (known after apply)
      [32m+[0m[0m ptr_record           = (known after apply)
      [32m+[0m[0m public_dns           = (known after apply)
      [32m+[0m[0m public_ip            = (known after apply)
      [32m+[0m[0m public_ipv4_pool     = (known after apply)
      [32m+[0m[0m tags                 = {
          [32m+[0m[0m "Env"     = "dev"
          [32m+[0m[0m "Name"    = "pgp-search-nat-eip-1"
          [32m+[0m[0m "Project" = "PGP-SearchEngine"
        }
      [32m+[0m[0m tags_all             = {
          [32m+[0m[0m "Env"       = "dev"
          [32m+[0m[0m "ManagedBy" = "Terraform"
          [32m+[0m[0m "Name"      = "pgp-search-nat-eip-1"
          [32m+[0m[0m "Project"   = "PGP-SearchEngine"
        }
      [32m+[0m[0m vpc                  = (known after apply)
    }

[1m  # aws_eip.nat[1][0m will be created
[0m  [32m+[0m[0m resource "aws_eip" "nat" {
      [32m+[0m[0m allocation_id        = (known after apply)
      [32m+[0m[0m arn                  = (known after apply)
      [32m+[0m[0m association_id       = (known after apply)
      [32m+[0m[0m carrier_ip           = (known after apply)
      [32m+[0m[0m customer_owned_ip    = (known after apply)
      [32m+[0m[0m domain               = "vpc"
      [32m+[0m[0m id                   = (known after apply)
      [32m+[0m[0m instance             = (known after apply)
      [32m+[0m[0m ipam_pool_id         = (known after apply)
      [32m+[0m[0m network_border_group = (known after apply)
      [32m+[0m[0m network_interface    = (known after apply)
      [32m+[0m[0m private_dns          = (known after apply)
      [32m+[0m[0m private_ip           = (known after apply)
      [32m+[0m[0m ptr_record           = (known after apply)
      [32m+[0m[0m public_dns           = (known after apply)
      [32m+[0m[0m public_ip            = (known after apply)
      [32m+[0m[0m public_ipv4_pool     = (known after apply)
      [32m+[0m[0m tags                 = {
          [32m+[0m[0m "Env"     = "dev"
          [32m+[0m[0m "Name"    = "pgp-search-nat-eip-2"
          [32m+[0m[0m "Project" = "PGP-SearchEngine"
        }
      [32m+[0m[0m tags_all             = {
          [32m+[0m[0m "Env"       = "dev"
          [32m+[0m[0m "ManagedBy" = "Terraform"
          [32m+[0m[0m "Name"      = "pgp-search-nat-eip-2"
          [32m+[0m[0m "Project"   = "PGP-SearchEngine"
        }
      [32m+[0m[0m vpc                  = (known after apply)
    }

[1m  # aws_iam_role.lambda_exec[0m will be created
[0m  [32m+[0m[0m resource "aws_iam_role" "lambda_exec" {
      [32m+[0m[0m arn                   = (known after apply)
      [32m+[0m[0m assume_role_policy    = jsonencode(
            {
              [32m+[0m[0m Statement = [
                  [32m+[0m[0m {
                      [32m+[0m[0m Action    = "sts:AssumeRole"
                      [32m+[0m[0m Effect    = "Allow"
                      [32m+[0m[0m Principal = {
                          [32m+[0m[0m Service = "lambda.amazonaws.com"
                        }
                    },
                ]
              [32m+[0m[0m Version   = "2012-10-17"
            }
        )
      [32m+[0m[0m create_date           = (known after apply)
      [32m+[0m[0m description           = "Lambda exec: CloudWatch Logs + S3"
      [32m+[0m[0m force_detach_policies = false
      [32m+[0m[0m id                    = (known after apply)
      [32m+[0m[0m managed_policy_arns   = (known after apply)
      [32m+[0m[0m max_session_duration  = 3600
      [32m+[0m[0m name                  = "pgp-searchengine-lambda-exec-role"
      [32m+[0m[0m name_prefix           = (known after apply)
      [32m+[0m[0m path                  = "/"
      [32m+[0m[0m tags_all              = {
          [32m+[0m[0m "Env"       = "dev"
          [32m+[0m[0m "ManagedBy" = "Terraform"
          [32m+[0m[0m "Project"   = "PGP-SearchEngine"
        }
      [32m+[0m[0m unique_id             = (known after apply)

      [32m+[0m[0m inline_policy (known after apply)
    }

[1m  # aws_iam_role.lambda_os[0m will be created
[0m  [32m+[0m[0m resource "aws_iam_role" "lambda_os" {
      [32m+[0m[0m arn                   = (known after apply)
      [32m+[0m[0m assume_role_policy    = jsonencode(
            {
              [32m+[0m[0m Statement = [
                  [32m+[0m[0m {
                      [32m+[0m[0m Action    = "sts:AssumeRole"
                      [32m+[0m[0m Effect    = "Allow"
                      [32m+[0m[0m Principal = {
                          [32m+[0m[0m Service = "lambda.amazonaws.com"
                        }
                    },
                ]
              [32m+[0m[0m Version   = "2012-10-17"
            }
        )
      [32m+[0m[0m create_date           = (known after apply)
      [32m+[0m[0m description           = "Lambda -> OpenSearch + logs + S3"
      [32m+[0m[0m force_detach_policies = false
      [32m+[0m[0m id                    = (known after apply)
      [32m+[0m[0m managed_policy_arns   = (known after apply)
      [32m+[0m[0m max_session_duration  = 3600
      [32m+[0m[0m name                  = "pgp-searchengine-opensearch-access-role"
      [32m+[0m[0m name_prefix           = (known after apply)
      [32m+[0m[0m path                  = "/"
      [32m+[0m[0m tags_all              = {
          [32m+[0m[0m "Env"       = "dev"
          [32m+[0m[0m "ManagedBy" = "Terraform"
          [32m+[0m[0m "Project"   = "PGP-SearchEngine"
        }
      [32m+[0m[0m unique_id             = (known after apply)

      [32m+[0m[0m inline_policy (known after apply)
    }

[1m  # aws_iam_role_policy_attachment.lambda_exec_attach["arn:aws:iam::aws:policy/AmazonS3FullAccess"][0m will be created
[0m  [32m+[0m[0m resource "aws_iam_role_policy_attachment" "lambda_exec_attach" {
      [32m+[0m[0m id         = (known after apply)
      [32m+[0m[0m policy_arn = "arn:aws:iam::aws:policy/AmazonS3FullAccess"
      [32m+[0m[0m role       = "pgp-searchengine-lambda-exec-role"
    }

[1m  # aws_iam_role_policy_attachment.lambda_exec_attach["arn:aws:iam::aws:policy/CloudWatchLogsFullAccess"][0m will be created
[0m  [32m+[0m[0m resource "aws_iam_role_policy_attachment" "lambda_exec_attach" {
      [32m+[0m[0m id         = (known after apply)
      [32m+[0m[0m policy_arn = "arn:aws:iam::aws:policy/CloudWatchLogsFullAccess"
      [32m+[0m[0m role       = "pgp-searchengine-lambda-exec-role"
    }

[1m  # aws_iam_role_policy_attachment.lambda_exec_attach["arn:aws:iam::aws:policy/service-role/AWSLambdaBasicExecutionRole"][0m will be created
[0m  [32m+[0m[0m resource "aws_iam_role_policy_attachment" "lambda_exec_attach" {
      [32m+[0m[0m id         = (known after apply)
      [32m+[0m[0m policy_arn = "arn:aws:iam::aws:policy/service-role/AWSLambdaBasicExecutionRole"
      [32m+[0m[0m role       = "pgp-searchengine-lambda-exec-role"
    }

[1m  # aws_iam_role_policy_attachment.lambda_os_attach["arn:aws:iam::aws:policy/AmazonOpenSearchServiceFullAccess"][0m will be created
[0m  [32m+[0m[0m resource "aws_iam_role_policy_attachment" "lambda_os_attach" {
      [32m+[0m[0m id         = (known after apply)
      [32m+[0m[0m policy_arn = "arn:aws:iam::aws:policy/AmazonOpenSearchServiceFullAccess"
      [32m+[0m[0m role       = "pgp-searchengine-opensearch-access-role"
    }

[1m  # aws_iam_role_policy_attachment.lambda_os_attach["arn:aws:iam::aws:policy/AmazonS3FullAccess"][0m will be created
[0m  [32m+[0m[0m resource "aws_iam_role_policy_attachment" "lambda_os_attach" {
      [32m+[0m[0m id         = (known after apply)
      [32m+[0m[0m policy_arn = "arn:aws:iam::aws:policy/AmazonS3FullAccess"
      [32m+[0m[0m role       = "pgp-searchengine-opensearch-access-role"
    }

[1m  # aws_iam_role_policy_attachment.lambda_os_attach["arn:aws:iam::aws:policy/CloudWatchLogsFullAccess"][0m will be created
[0m  [32m+[0m[0m resource "aws_iam_role_policy_attachment" "lambda_os_attach" {
      [32m+[0m[0m id         = (known after apply)
      [32m+[0m[0m policy_arn = "arn:aws:iam::aws:policy/CloudWatchLogsFullAccess"
      [32m+[0m[0m role       = "pgp-searchengine-opensearch-access-role"
    }

[1m  # aws_internet_gateway.main[0m will be created
[0m  [32m+[0m[0m resource "aws_internet_gateway" "main" {
      [32m+[0m[0m arn      = (known after apply)
      [32m+[0m[0m id       = (known after apply)
      [32m+[0m[0m owner_id = (known after apply)
      [32m+[0m[0m tags     = {
          [32m+[0m[0m "Env"     = "dev"
          [32m+[0m[0m "Name"    = "pgp-search-igw"
          [32m+[0m[0m "Project" = "PGP-SearchEngine"
        }
      [32m+[0m[0m tags_all = {
          [32m+[0m[0m "Env"       = "dev"
          [32m+[0m[0m "ManagedBy" = "Terraform"
          [32m+[0m[0m "Name"      = "pgp-search-igw"
          [32m+[0m[0m "Project"   = "PGP-SearchEngine"
        }
      [32m+[0m[0m vpc_id   = (known after apply)
    }

[1m  # aws_lambda_function.gateway[0m will be created
[0m  [32m+[0m[0m resource "aws_lambda_function" "gateway" {
      [32m+[0m[0m architectures                  = (known after apply)
      [32m+[0m[0m arn                            = (known after apply)
      [32m+[0m[0m code_sha256                    = (known after apply)
      [32m+[0m[0m filename                       = "./gateway.zip"
      [32m+[0m[0m function_name                  = "pgp-search-gateway"
      [32m+[0m[0m handler                        = "sample.lambda_handler"
      [32m+[0m[0m id                             = (known after apply)
      [32m+[0m[0m invoke_arn                     = (known after apply)
      [32m+[0m[0m last_modified                  = (known after apply)
      [32m+[0m[0m memory_size                    = 256
      [32m+[0m[0m package_type                   = "Zip"
      [32m+[0m[0m publish                        = false
      [32m+[0m[0m qualified_arn                  = (known after apply)
      [32m+[0m[0m qualified_invoke_arn           = (known after apply)
      [32m+[0m[0m reserved_concurrent_executions = -1
      [32m+[0m[0m role                           = (known after apply)
      [32m+[0m[0m runtime                        = "python3.11"
      [32m+[0m[0m signing_job_arn                = (known after apply)
      [32m+[0m[0m signing_profile_version_arn    = (known after apply)
      [32m+[0m[0m skip_destroy                   = false
      [32m+[0m[0m source_code_hash               = (known after apply)
      [32m+[0m[0m source_code_size               = (known after apply)
      [32m+[0m[0m tags_all                       = {
          [32m+[0m[0m "Env"       = "dev"
          [32m+[0m[0m "ManagedBy" = "Terraform"
          [32m+[0m[0m "Project"   = "PGP-SearchEngine"
        }
      [32m+[0m[0m timeout                        = 30
      [32m+[0m[0m version                        = (known after apply)

      [32m+[0m[0m ephemeral_storage (known after apply)

      [32m+[0m[0m logging_config (known after apply)

      [32m+[0m[0m tracing_config (known after apply)

      [32m+[0m[0m vpc_config {
          [32m+[0m[0m ipv6_allowed_for_dual_stack = false
          [32m+[0m[0m security_group_ids          = (known after apply)
          [32m+[0m[0m subnet_ids                  = (known after apply)
          [32m+[0m[0m vpc_id                      = (known after apply)
        }
    }

[1m  # aws_lambda_function.pdftotxt[0m will be created
[0m  [32m+[0m[0m resource "aws_lambda_function" "pdftotxt" {
      [32m+[0m[0m architectures                  = (known after apply)
      [32m+[0m[0m arn                            = (known after apply)
      [32m+[0m[0m code_sha256                    = (known after apply)
      [32m+[0m[0m filename                       = "./pdftotxt.zip"
      [32m+[0m[0m function_name                  = "pgp-pdftotxt"
      [32m+[0m[0m handler                        = "sample.handler"
      [32m+[0m[0m id                             = (known after apply)
      [32m+[0m[0m invoke_arn                     = (known after apply)
      [32m+[0m[0m last_modified                  = (known after apply)
      [32m+[0m[0m memory_size                    = 256
      [32m+[0m[0m package_type                   = "Zip"
      [32m+[0m[0m publish                        = false
      [32m+[0m[0m qualified_arn                  = (known after apply)
      [32m+[0m[0m qualified_invoke_arn           = (known after apply)
      [32m+[0m[0m reserved_concurrent_executions = -1
      [32m+[0m[0m role                           = (known after apply)
      [32m+[0m[0m runtime                        = "python3.11"
      [32m+[0m[0m signing_job_arn                = (known after apply)
      [32m+[0m[0m signing_profile_version_arn    = (known after apply)
      [32m+[0m[0m skip_destroy                   = false
      [32m+[0m[0m source_code_hash               = (known after apply)
      [32m+[0m[0m source_code_size               = (known after apply)
      [32m+[0m[0m tags_all                       = {
          [32m+[0m[0m "Env"       = "dev"
          [32m+[0m[0m "ManagedBy" = "Terraform"
          [32m+[0m[0m "Project"   = "PGP-SearchEngine"
        }
      [32m+[0m[0m timeout                        = 30
      [32m+[0m[0m version                        = (known after apply)

      [32m+[0m[0m environment {
          [32m+[0m[0m variables = {
              [32m+[0m[0m "TARGET_BUCKET" = "pgp-intermediary-138312698703"
            }
        }

      [32m+[0m[0m ephemeral_storage (known after apply)

      [32m+[0m[0m logging_config (known after apply)

      [32m+[0m[0m tracing_config (known after apply)

      [32m+[0m[0m vpc_config {
          [32m+[0m[0m ipv6_allowed_for_dual_stack = false
          [32m+[0m[0m security_group_ids          = (known after apply)
          [32m+[0m[0m subnet_ids                  = (known after apply)
          [32m+[0m[0m vpc_id                      = (known after apply)
        }
    }

[1m  # aws_lambda_function.search[0m will be created
[0m  [32m+[0m[0m resource "aws_lambda_function" "search" {
      [32m+[0m[0m architectures                  = (known after apply)
      [32m+[0m[0m arn                            = (known after apply)
      [32m+[0m[0m code_sha256                    = (known after apply)
      [32m+[0m[0m filename                       = "./search.zip"
      [32m+[0m[0m function_name                  = "pgp-search-function"
      [32m+[0m[0m handler                        = "sample.lambda_handler"
      [32m+[0m[0m id                             = (known after apply)
      [32m+[0m[0m invoke_arn                     = (known after apply)
      [32m+[0m[0m last_modified                  = (known after apply)
      [32m+[0m[0m memory_size                    = 256
      [32m+[0m[0m package_type                   = "Zip"
      [32m+[0m[0m publish                        = false
      [32m+[0m[0m qualified_arn                  = (known after apply)
      [32m+[0m[0m qualified_invoke_arn           = (known after apply)
      [32m+[0m[0m reserved_concurrent_executions = -1
      [32m+[0m[0m role                           = (known after apply)
      [32m+[0m[0m runtime                        = "python3.11"
      [32m+[0m[0m signing_job_arn                = (known after apply)
      [32m+[0m[0m signing_profile_version_arn    = (known after apply)
      [32m+[0m[0m skip_destroy                   = false
      [32m+[0m[0m source_code_hash               = (known after apply)
      [32m+[0m[0m source_code_size               = (known after apply)
      [32m+[0m[0m tags_all                       = {
          [32m+[0m[0m "Env"       = "dev"
          [32m+[0m[0m "ManagedBy" = "Terraform"
          [32m+[0m[0m "Project"   = "PGP-SearchEngine"
        }
      [32m+[0m[0m timeout                        = 60
      [32m+[0m[0m version                        = (known after apply)

      [32m+[0m[0m environment {
          [32m+[0m[0m variables = (known after apply)
        }

      [32m+[0m[0m ephemeral_storage (known after apply)

      [32m+[0m[0m logging_config (known after apply)

      [32m+[0m[0m tracing_config (known after apply)

      [32m+[0m[0m vpc_config {
          [32m+[0m[0m ipv6_allowed_for_dual_stack = false
          [32m+[0m[0m security_group_ids          = (known after apply)
          [32m+[0m[0m subnet_ids                  = (known after apply)
          [32m+[0m[0m vpc_id                      = (known after apply)
        }
    }

[1m  # aws_lambda_function.upload[0m will be created
[0m  [32m+[0m[0m resource "aws_lambda_function" "upload" {
      [32m+[0m[0m architectures                  = (known after apply)
      [32m+[0m[0m arn                            = (known after apply)
      [32m+[0m[0m code_sha256                    = (known after apply)
      [32m+[0m[0m filename                       = "./upload.zip"
      [32m+[0m[0m function_name                  = "pgp-upload-to-search"
      [32m+[0m[0m handler                        = "sample.handler"
      [32m+[0m[0m id                             = (known after apply)
      [32m+[0m[0m invoke_arn                     = (known after apply)
      [32m+[0m[0m last_modified                  = (known after apply)
      [32m+[0m[0m memory_size                    = 256
      [32m+[0m[0m package_type                   = "Zip"
      [32m+[0m[0m publish                        = false
      [32m+[0m[0m qualified_arn                  = (known after apply)
      [32m+[0m[0m qualified_invoke_arn           = (known after apply)
      [32m+[0m[0m reserved_concurrent_executions = -1
      [32m+[0m[0m role                           = (known after apply)
      [32m+[0m[0m runtime                        = "python3.11"
      [32m+[0m[0m signing_job_arn                = (known after apply)
      [32m+[0m[0m signing_profile_version_arn    = (known after apply)
      [32m+[0m[0m skip_destroy                   = false
      [32m+[0m[0m source_code_hash               = (known after apply)
      [32m+[0m[0m source_code_size               = (known after apply)
      [32m+[0m[0m tags_all                       = {
          [32m+[0m[0m "Env"       = "dev"
          [32m+[0m[0m "ManagedBy" = "Terraform"
          [32m+[0m[0m "Project"   = "PGP-SearchEngine"
        }
      [32m+[0m[0m timeout                        = 60
      [32m+[0m[0m version                        = (known after apply)

      [32m+[0m[0m environment {
          [32m+[0m[0m variables = (known after apply)
        }

      [32m+[0m[0m ephemeral_storage (known after apply)

      [32m+[0m[0m logging_config (known after apply)

      [32m+[0m[0m tracing_config (known after apply)

      [32m+[0m[0m vpc_config {
          [32m+[0m[0m ipv6_allowed_for_dual_stack = false
          [32m+[0m[0m security_group_ids          = (known after apply)
          [32m+[0m[0m subnet_ids                  = (known after apply)
          [32m+[0m[0m vpc_id                      = (known after apply)
        }
    }

[1m  # aws_lambda_permission.s3_invoke_pdftotxt[0m will be created
[0m  [32m+[0m[0m resource "aws_lambda_permission" "s3_invoke_pdftotxt" {
      [32m+[0m[0m action              = "lambda:InvokeFunction"
      [32m+[0m[0m function_name       = "pgp-pdftotxt"
      [32m+[0m[0m id                  = (known after apply)
      [32m+[0m[0m principal           = "s3.amazonaws.com"
      [32m+[0m[0m source_arn          = (known after apply)
      [32m+[0m[0m statement_id        = "AllowS3InvokePdftotxt"
      [32m+[0m[0m statement_id_prefix = (known after apply)
    }

[1m  # aws_lambda_permission.s3_invoke_upload[0m will be created
[0m  [32m+[0m[0m resource "aws_lambda_permission" "s3_invoke_upload" {
      [32m+[0m[0m action              = "lambda:InvokeFunction"
      [32m+[0m[0m function_name       = "pgp-upload-to-search"
      [32m+[0m[0m id                  = (known after apply)
      [32m+[0m[0m principal           = "s3.amazonaws.com"
      [32m+[0m[0m source_arn          = (known after apply)
      [32m+[0m[0m statement_id        = "AllowS3InvokeUpload"
      [32m+[0m[0m statement_id_prefix = (known after apply)
    }

[1m  # aws_nat_gateway.main[0][0m will be created
[0m  [32m+[0m[0m resource "aws_nat_gateway" "main" {
      [32m+[0m[0m allocation_id                      = (known after apply)
      [32m+[0m[0m association_id                     = (known after apply)
      [32m+[0m[0m connectivity_type                  = "public"
      [32m+[0m[0m id                                 = (known after apply)
      [32m+[0m[0m network_interface_id               = (known after apply)
      [32m+[0m[0m private_ip                         = (known after apply)
      [32m+[0m[0m public_ip                          = (known after apply)
      [32m+[0m[0m secondary_private_ip_address_count = (known after apply)
      [32m+[0m[0m secondary_private_ip_addresses     = (known after apply)
      [32m+[0m[0m subnet_id                          = (known after apply)
      [32m+[0m[0m tags                               = {
          [32m+[0m[0m "Env"     = "dev"
          [32m+[0m[0m "Name"    = "pgp-search-nat-1"
          [32m+[0m[0m "Project" = "PGP-SearchEngine"
        }
      [32m+[0m[0m tags_all                           = {
          [32m+[0m[0m "Env"       = "dev"
          [32m+[0m[0m "ManagedBy" = "Terraform"
          [32m+[0m[0m "Name"      = "pgp-search-nat-1"
          [32m+[0m[0m "Project"   = "PGP-SearchEngine"
        }
    }

[1m  # aws_nat_gateway.main[1][0m will be created
[0m  [32m+[0m[0m resource "aws_nat_gateway" "main" {
      [32m+[0m[0m allocation_id                      = (known after apply)
      [32m+[0m[0m association_id                     = (known after apply)
      [32m+[0m[0m connectivity_type                  = "public"
      [32m+[0m[0m id                                 = (known after apply)
      [32m+[0m[0m network_interface_id               = (known after apply)
      [32m+[0m[0m private_ip                         = (known after apply)
      [32m+[0m[0m public_ip                          = (known after apply)
      [32m+[0m[0m secondary_private_ip_address_count = (known after apply)
      [32m+[0m[0m secondary_private_ip_addresses     = (known after apply)
      [32m+[0m[0m subnet_id                          = (known after apply)
      [32m+[0m[0m tags                               = {
          [32m+[0m[0m "Env"     = "dev"
          [32m+[0m[0m "Name"    = "pgp-search-nat-2"
          [32m+[0m[0m "Project" = "PGP-SearchEngine"
        }
      [32m+[0m[0m tags_all                           = {
          [32m+[0m[0m "Env"       = "dev"
          [32m+[0m[0m "ManagedBy" = "Terraform"
          [32m+[0m[0m "Name"      = "pgp-search-nat-2"
          [32m+[0m[0m "Project"   = "PGP-SearchEngine"
        }
    }

[1m  # aws_opensearch_domain.dev[0m will be created
[0m  [32m+[0m[0m resource "aws_opensearch_domain" "dev" {
      [32m+[0m[0m access_policies                   = (known after apply)
      [32m+[0m[0m advanced_options                  = (known after apply)
      [32m+[0m[0m arn                               = (known after apply)
      [32m+[0m[0m dashboard_endpoint                = (known after apply)
      [32m+[0m[0m dashboard_endpoint_v2             = (known after apply)
      [32m+[0m[0m domain_endpoint_v2_hosted_zone_id = (known after apply)
      [32m+[0m[0m domain_id                         = (known after apply)
      [32m+[0m[0m domain_name                       = "pgp-search-dev"
      [32m+[0m[0m endpoint                          = (known after apply)
      [32m+[0m[0m endpoint_v2                       = (known after apply)
      [32m+[0m[0m engine_version                    = "OpenSearch_2.11"
      [32m+[0m[0m id                                = (known after apply)
      [32m+[0m[0m ip_address_type                   = (known after apply)
      [32m+[0m[0m kibana_endpoint                   = (known after apply)
      [32m+[0m[0m tags_all                          = {
          [32m+[0m[0m "Env"       = "dev"
          [32m+[0m[0m "ManagedBy" = "Terraform"
          [32m+[0m[0m "Project"   = "PGP-SearchEngine"
        }

      [32m+[0m[0m advanced_security_options {
          [32m+[0m[0m anonymous_auth_enabled         = (known after apply)
          [32m+[0m[0m enabled                        = true
          [32m+[0m[0m internal_user_database_enabled = true

          [32m+[0m[0m master_user_options {
              [32m+[0m[0m master_user_name     = "master-user"
              [32m+[0m[0m master_user_password = (sensitive value)
            }
        }

      [32m+[0m[0m auto_tune_options (known after apply)

      [32m+[0m[0m cluster_config {
          [32m+[0m[0m dedicated_master_enabled = false
          [32m+[0m[0m instance_count           = 1
          [32m+[0m[0m instance_type            = "t3.small.search"
          [32m+[0m[0m zone_awareness_enabled   = false

          [32m+[0m[0m cold_storage_options (known after apply)

          [32m+[0m[0m node_options (known after apply)
        }

      [32m+[0m[0m domain_endpoint_options {
          [32m+[0m[0m custom_endpoint_enabled = false
          [32m+[0m[0m enforce_https           = true
          [32m+[0m[0m tls_security_policy     = (known after apply)
        }

      [32m+[0m[0m ebs_options {
          [32m+[0m[0m ebs_enabled = true
          [32m+[0m[0m iops        = (known after apply)
          [32m+[0m[0m throughput  = (known after apply)
          [32m+[0m[0m volume_size = 20
          [32m+[0m[0m volume_type = "gp3"
        }

      [32m+[0m[0m encrypt_at_rest {
          [32m+[0m[0m enabled    = true
          [32m+[0m[0m kms_key_id = (known after apply)
        }

      [32m+[0m[0m node_to_node_encryption {
          [32m+[0m[0m enabled = true
        }

      [32m+[0m[0m off_peak_window_options (known after apply)

      [32m+[0m[0m software_update_options (known after apply)

      [32m+[0m[0m vpc_options {
          [32m+[0m[0m availability_zones = (known after apply)
          [32m+[0m[0m security_group_ids = (known after apply)
          [32m+[0m[0m subnet_ids         = (known after apply)
          [32m+[0m[0m vpc_id             = (known after apply)
        }
    }

[1m  # aws_route_table.private[0][0m will be created
[0m  [32m+[0m[0m resource "aws_route_table" "private" {
      [32m+[0m[0m arn              = (known after apply)
      [32m+[0m[0m id               = (known after apply)
      [32m+[0m[0m owner_id         = (known after apply)
      [32m+[0m[0m propagating_vgws = (known after apply)
      [32m+[0m[0m route            = [
          [32m+[0m[0m {
              [32m+[0m[0m cidr_block                 = "0.0.0.0/0"
              [32m+[0m[0m nat_gateway_id             = (known after apply)
                [90m# (11 unchanged attributes hidden)[0m[0m
            },
        ]
      [32m+[0m[0m tags             = {
          [32m+[0m[0m "Env"     = "dev"
          [32m+[0m[0m "Name"    = "pgp-search-private-rt-1"
          [32m+[0m[0m "Project" = "PGP-SearchEngine"
        }
      [32m+[0m[0m tags_all         = {
          [32m+[0m[0m "Env"       = "dev"
          [32m+[0m[0m "ManagedBy" = "Terraform"
          [32m+[0m[0m "Name"      = "pgp-search-private-rt-1"
          [32m+[0m[0m "Project"   = "PGP-SearchEngine"
        }
      [32m+[0m[0m vpc_id           = (known after apply)
    }

[1m  # aws_route_table.private[1][0m will be created
[0m  [32m+[0m[0m resource "aws_route_table" "private" {
      [32m+[0m[0m arn              = (known after apply)
      [32m+[0m[0m id               = (known after apply)
      [32m+[0m[0m owner_id         = (known after apply)
      [32m+[0m[0m propagating_vgws = (known after apply)
      [32m+[0m[0m route            = [
          [32m+[0m[0m {
              [32m+[0m[0m cidr_block                 = "0.0.0.0/0"
              [32m+[0m[0m nat_gateway_id             = (known after apply)
                [90m# (11 unchanged attributes hidden)[0m[0m
            },
        ]
      [32m+[0m[0m tags             = {
          [32m+[0m[0m "Env"     = "dev"
          [32m+[0m[0m "Name"    = "pgp-search-private-rt-2"
          [32m+[0m[0m "Project" = "PGP-SearchEngine"
        }
      [32m+[0m[0m tags_all         = {
          [32m+[0m[0m "Env"       = "dev"
          [32m+[0m[0m "ManagedBy" = "Terraform"
          [32m+[0m[0m "Name"      = "pgp-search-private-rt-2"
          [32m+[0m[0m "Project"   = "PGP-SearchEngine"
        }
      [32m+[0m[0m vpc_id           = (known after apply)
    }

[1m  # aws_route_table.public[0m will be created
[0m  [32m+[0m[0m resource "aws_route_table" "public" {
      [32m+[0m[0m arn              = (known after apply)
      [32m+[0m[0m id               = (known after apply)
      [32m+[0m[0m owner_id         = (known after apply)
      [32m+[0m[0m propagating_vgws = (known after apply)
      [32m+[0m[0m route            = [
          [32m+[0m[0m {
              [32m+[0m[0m cidr_block                 = "0.0.0.0/0"
              [32m+[0m[0m gateway_id                 = (known after apply)
                [90m# (11 unchanged attributes hidden)[0m[0m
            },
        ]
      [32m+[0m[0m tags             = {
          [32m+[0m[0m "Env"     = "dev"
          [32m+[0m[0m "Name"    = "pgp-search-public-rt"
          [32m+[0m[0m "Project" = "PGP-SearchEngine"
        }
      [32m+[0m[0m tags_all         = {
          [32m+[0m[0m "Env"       = "dev"
          [32m+[0m[0m "ManagedBy" = "Terraform"
          [32m+[0m[0m "Name"      = "pgp-search-public-rt"
          [32m+[0m[0m "Project"   = "PGP-SearchEngine"
        }
      [32m+[0m[0m vpc_id           = (known after apply)
    }

[1m  # aws_route_table_association.private[0][0m will be created
[0m  [32m+[0m[0m resource "aws_route_table_association" "private" {
      [32m+[0m[0m id             = (known after apply)
      [32m+[0m[0m route_table_id = (known after apply)
      [32m+[0m[0m subnet_id      = (known after apply)
    }

[1m  # aws_route_table_association.private[1][0m will be created
[0m  [32m+[0m[0m resource "aws_route_table_association" "private" {
      [32m+[0m[0m id             = (known after apply)
      [32m+[0m[0m route_table_id = (known after apply)
      [32m+[0m[0m subnet_id      = (known after apply)
    }

[1m  # aws_route_table_association.public[0][0m will be created
[0m  [32m+[0m[0m resource "aws_route_table_association" "public" {
      [32m+[0m[0m id             = (known after apply)
      [32m+[0m[0m route_table_id = (known after apply)
      [32m+[0m[0m subnet_id      = (known after apply)
    }

[1m  # aws_route_table_association.public[1][0m will be created
[0m  [32m+[0m[0m resource "aws_route_table_association" "public" {
      [32m+[0m[0m id             = (known after apply)
      [32m+[0m[0m route_table_id = (known after apply)
      [32m+[0m[0m subnet_id      = (known after apply)
    }

[1m  # aws_s3_bucket.docstore[0m will be created
[0m  [32m+[0m[0m resource "aws_s3_bucket" "docstore" {
      [32m+[0m[0m acceleration_status         = (known after apply)
      [32m+[0m[0m acl                         = (known after apply)
      [32m+[0m[0m arn                         = (known after apply)
      [32m+[0m[0m bucket                      = "pgp-docstore-138312698703"
      [32m+[0m[0m bucket_domain_name          = (known after apply)
      [32m+[0m[0m bucket_prefix               = (known after apply)
      [32m+[0m[0m bucket_regional_domain_name = (known after apply)
      [32m+[0m[0m force_destroy               = true
      [32m+[0m[0m hosted_zone_id              = (known after apply)
      [32m+[0m[0m id                          = (known after apply)
      [32m+[0m[0m object_lock_enabled         = (known after apply)
      [32m+[0m[0m policy                      = (known after apply)
      [32m+[0m[0m region                      = (known after apply)
      [32m+[0m[0m request_payer               = (known after apply)
      [32m+[0m[0m tags_all                    = {
          [32m+[0m[0m "Env"       = "dev"
          [32m+[0m[0m "ManagedBy" = "Terraform"
          [32m+[0m[0m "Project"   = "PGP-SearchEngine"
        }
      [32m+[0m[0m website_domain              = (known after apply)
      [32m+[0m[0m website_endpoint            = (known after apply)

      [32m+[0m[0m cors_rule (known after apply)

      [32m+[0m[0m grant (known after apply)

      [32m+[0m[0m lifecycle_rule (known after apply)

      [32m+[0m[0m logging (known after apply)

      [32m+[0m[0m object_lock_configuration (known after apply)

      [32m+[0m[0m replication_configuration (known after apply)

      [32m+[0m[0m server_side_encryption_configuration (known after apply)

      [32m+[0m[0m versioning (known after apply)

      [32m+[0m[0m website (known after apply)
    }

[1m  # aws_s3_bucket.intermediate[0m will be created
[0m  [32m+[0m[0m resource "aws_s3_bucket" "intermediate" {
      [32m+[0m[0m acceleration_status         = (known after apply)
      [32m+[0m[0m acl                         = (known after apply)
      [32m+[0m[0m arn                         = (known after apply)
      [32m+[0m[0m bucket                      = "pgp-intermediary-138312698703"
      [32m+[0m[0m bucket_domain_name          = (known after apply)
      [32m+[0m[0m bucket_prefix               = (known after apply)
      [32m+[0m[0m bucket_regional_domain_name = (known after apply)
      [32m+[0m[0m force_destroy               = true
      [32m+[0m[0m hosted_zone_id              = (known after apply)
      [32m+[0m[0m id                          = (known after apply)
      [32m+[0m[0m object_lock_enabled         = (known after apply)
      [32m+[0m[0m policy                      = (known after apply)
      [32m+[0m[0m region                      = (known after apply)
      [32m+[0m[0m request_payer               = (known after apply)
      [32m+[0m[0m tags_all                    = {
          [32m+[0m[0m "Env"       = "dev"
          [32m+[0m[0m "ManagedBy" = "Terraform"
          [32m+[0m[0m "Project"   = "PGP-SearchEngine"
        }
      [32m+[0m[0m website_domain              = (known after apply)
      [32m+[0m[0m website_endpoint            = (known after apply)

      [32m+[0m[0m cors_rule (known after apply)

      [32m+[0m[0m grant (known after apply)

      [32m+[0m[0m lifecycle_rule (known after apply)

      [32m+[0m[0m logging (known after apply)

      [32m+[0m[0m object_lock_configuration (known after apply)

      [32m+[0m[0m replication_configuration (known after apply)

      [32m+[0m[0m server_side_encryption_configuration (known after apply)

      [32m+[0m[0m versioning (known after apply)

      [32m+[0m[0m website (known after apply)
    }

[1m  # aws_s3_bucket_notification.docstore_notify[0m will be created
[0m  [32m+[0m[0m resource "aws_s3_bucket_notification" "docstore_notify" {
      [32m+[0m[0m bucket      = (known after apply)
      [32m+[0m[0m eventbridge = false
      [32m+[0m[0m id          = (known after apply)

      [32m+[0m[0m lambda_function {
          [32m+[0m[0m events              = [
              [32m+[0m[0m "s3:ObjectCreated:*",
            ]
          [32m+[0m[0m filter_suffix       = ".pdf"
          [32m+[0m[0m id                  = (known after apply)
          [32m+[0m[0m lambda_function_arn = (known after apply)
        }
    }

[1m  # aws_s3_bucket_notification.intermediate_notify[0m will be created
[0m  [32m+[0m[0m resource "aws_s3_bucket_notification" "intermediate_notify" {
      [32m+[0m[0m bucket      = (known after apply)
      [32m+[0m[0m eventbridge = false
      [32m+[0m[0m id          = (known after apply)

      [32m+[0m[0m lambda_function {
          [32m+[0m[0m events              = [
              [32m+[0m[0m "s3:ObjectCreated:*",
            ]
          [32m+[0m[0m filter_suffix       = ".txt"
          [32m+[0m[0m id                  = (known after apply)
          [32m+[0m[0m lambda_function_arn = (known after apply)
        }
    }

[1m  # aws_s3_bucket_public_access_block.block_all["docstore"][0m will be created
[0m  [32m+[0m[0m resource "aws_s3_bucket_public_access_block" "block_all" {
      [32m+[0m[0m block_public_acls       = true
      [32m+[0m[0m block_public_policy     = true
      [32m+[0m[0m bucket                  = (known after apply)
      [32m+[0m[0m id                      = (known after apply)
      [32m+[0m[0m ignore_public_acls      = true
      [32m+[0m[0m restrict_public_buckets = true
    }

[1m  # aws_s3_bucket_public_access_block.block_all["intermediate"][0m will be created
[0m  [32m+[0m[0m resource "aws_s3_bucket_public_access_block" "block_all" {
      [32m+[0m[0m block_public_acls       = true
      [32m+[0m[0m block_public_policy     = true
      [32m+[0m[0m bucket                  = (known after apply)
      [32m+[0m[0m id                      = (known after apply)
      [32m+[0m[0m ignore_public_acls      = true
      [32m+[0m[0m restrict_public_buckets = true
    }

[1m  # aws_security_group.lambda_sg[0m will be created
[0m  [32m+[0m[0m resource "aws_security_group" "lambda_sg" {
      [32m+[0m[0m arn                    = (known after apply)
      [32m+[0m[0m description            = "Lambda egress to OpenSearch"
      [32m+[0m[0m egress                 = [
          [32m+[0m[0m {
              [32m+[0m[0m cidr_blocks      = [
                  [32m+[0m[0m "0.0.0.0/0",
                ]
              [32m+[0m[0m description      = "General egress"
              [32m+[0m[0m from_port        = 0
              [32m+[0m[0m ipv6_cidr_blocks = []
              [32m+[0m[0m prefix_list_ids  = []
              [32m+[0m[0m protocol         = "-1"
              [32m+[0m[0m security_groups  = []
              [32m+[0m[0m self             = false
              [32m+[0m[0m to_port          = 0
            },
          [32m+[0m[0m {
              [32m+[0m[0m cidr_blocks      = []
              [32m+[0m[0m description      = "To OpenSearch"
              [32m+[0m[0m from_port        = 443
              [32m+[0m[0m ipv6_cidr_blocks = []
              [32m+[0m[0m prefix_list_ids  = []
              [32m+[0m[0m protocol         = "tcp"
              [32m+[0m[0m security_groups  = (known after apply)
              [32m+[0m[0m self             = false
              [32m+[0m[0m to_port          = 443
            },
        ]
      [32m+[0m[0m id                     = (known after apply)
      [32m+[0m[0m ingress                = (known after apply)
      [32m+[0m[0m name                   = "pgp-lambda-sg"
      [32m+[0m[0m name_prefix            = (known after apply)
      [32m+[0m[0m owner_id               = (known after apply)
      [32m+[0m[0m revoke_rules_on_delete = false
      [32m+[0m[0m tags                   = {
          [32m+[0m[0m "Env"     = "dev"
          [32m+[0m[0m "Name"    = "pgp-lambda-sg"
          [32m+[0m[0m "Project" = "PGP-SearchEngine"
        }
      [32m+[0m[0m tags_all               = {
          [32m+[0m[0m "Env"       = "dev"
          [32m+[0m[0m "ManagedBy" = "Terraform"
          [32m+[0m[0m "Name"      = "pgp-lambda-sg"
          [32m+[0m[0m "Project"   = "PGP-SearchEngine"
        }
      [32m+[0m[0m vpc_id                 = (known after apply)
    }

[1m  # aws_security_group.opensearch_sg[0m will be created
[0m  [32m+[0m[0m resource "aws_security_group" "opensearch_sg" {
      [32m+[0m[0m arn                    = (known after apply)
      [32m+[0m[0m description            = "Allow HTTPS from Lambda"
      [32m+[0m[0m egress                 = [
          [32m+[0m[0m {
              [32m+[0m[0m cidr_blocks      = [
                  [32m+[0m[0m "0.0.0.0/0",
                ]
              [32m+[0m[0m from_port        = 0
              [32m+[0m[0m ipv6_cidr_blocks = []
              [32m+[0m[0m prefix_list_ids  = []
              [32m+[0m[0m protocol         = "-1"
              [32m+[0m[0m security_groups  = []
              [32m+[0m[0m self             = false
              [32m+[0m[0m to_port          = 0
                [90m# (1 unchanged attribute hidden)[0m[0m
            },
        ]
      [32m+[0m[0m id                     = (known after apply)
      [32m+[0m[0m ingress                = (known after apply)
      [32m+[0m[0m name                   = "pgp-os-sg"
      [32m+[0m[0m name_prefix            = (known after apply)
      [32m+[0m[0m owner_id               = (known after apply)
      [32m+[0m[0m revoke_rules_on_delete = false
      [32m+[0m[0m tags                   = {
          [32m+[0m[0m "Env"     = "dev"
          [32m+[0m[0m "Name"    = "pgp-os-sg"
          [32m+[0m[0m "Project" = "PGP-SearchEngine"
        }
      [32m+[0m[0m tags_all               = {
          [32m+[0m[0m "Env"       = "dev"
          [32m+[0m[0m "ManagedBy" = "Terraform"
          [32m+[0m[0m "Name"      = "pgp-os-sg"
          [32m+[0m[0m "Project"   = "PGP-SearchEngine"
        }
      [32m+[0m[0m vpc_id                 = (known after apply)
    }

[1m  # aws_security_group_rule.os_https_from_lambda[0m will be created
[0m  [32m+[0m[0m resource "aws_security_group_rule" "os_https_from_lambda" {
      [32m+[0m[0m description              = "Lambda to OpenSearch"
      [32m+[0m[0m from_port                = 443
      [32m+[0m[0m id                       = (known after apply)
      [32m+[0m[0m protocol                 = "tcp"
      [32m+[0m[0m security_group_id        = (known after apply)
      [32m+[0m[0m security_group_rule_id   = (known after apply)
      [32m+[0m[0m self                     = false
      [32m+[0m[0m source_security_group_id = (known after apply)
      [32m+[0m[0m to_port                  = 443
      [32m+[0m[0m type                     = "ingress"
    }

[1m  # aws_subnet.private[0][0m will be created
[0m  [32m+[0m[0m resource "aws_subnet" "private" {
      [32m+[0m[0m arn                                            = (known after apply)
      [32m+[0m[0m assign_ipv6_address_on_creation                = false
      [32m+[0m[0m availability_zone                              = "us-east-1a"
      [32m+[0m[0m availability_zone_id                           = (known after apply)
      [32m+[0m[0m cidr_block                                     = "10.20.10.0/24"
      [32m+[0m[0m enable_dns64                                   = false
      [32m+[0m[0m enable_resource_name_dns_a_record_on_launch    = false
      [32m+[0m[0m enable_resource_name_dns_aaaa_record_on_launch = false
      [32m+[0m[0m id                                             = (known after apply)
      [32m+[0m[0m ipv6_cidr_block_association_id                 = (known after apply)
      [32m+[0m[0m ipv6_native                                    = false
      [32m+[0m[0m map_public_ip_on_launch                        = false
      [32m+[0m[0m owner_id                                       = (known after apply)
      [32m+[0m[0m private_dns_hostname_type_on_launch            = (known after apply)
      [32m+[0m[0m tags                                           = {
          [32m+[0m[0m "Env"     = "dev"
          [32m+[0m[0m "Name"    = "pgp-search-private-1"
          [32m+[0m[0m "Project" = "PGP-SearchEngine"
          [32m+[0m[0m "Tier"    = "private"
        }
      [32m+[0m[0m tags_all                                       = {
          [32m+[0m[0m "Env"       = "dev"
          [32m+[0m[0m "ManagedBy" = "Terraform"
          [32m+[0m[0m "Name"      = "pgp-search-private-1"
          [32m+[0m[0m "Project"   = "PGP-SearchEngine"
          [32m+[0m[0m "Tier"      = "private"
        }
      [32m+[0m[0m vpc_id                                         = (known after apply)
    }

[1m  # aws_subnet.private[1][0m will be created
[0m  [32m+[0m[0m resource "aws_subnet" "private" {
      [32m+[0m[0m arn                                            = (known after apply)
      [32m+[0m[0m assign_ipv6_address_on_creation                = false
      [32m+[0m[0m availability_zone                              = "us-east-1b"
      [32m+[0m[0m availability_zone_id                           = (known after apply)
      [32m+[0m[0m cidr_block                                     = "10.20.11.0/24"
      [32m+[0m[0m enable_dns64                                   = false
      [32m+[0m[0m enable_resource_name_dns_a_record_on_launch    = false
      [32m+[0m[0m enable_resource_name_dns_aaaa_record_on_launch = false
      [32m+[0m[0m id                                             = (known after apply)
      [32m+[0m[0m ipv6_cidr_block_association_id                 = (known after apply)
      [32m+[0m[0m ipv6_native                                    = false
      [32m+[0m[0m map_public_ip_on_launch                        = false
      [32m+[0m[0m owner_id                                       = (known after apply)
      [32m+[0m[0m private_dns_hostname_type_on_launch            = (known after apply)
      [32m+[0m[0m tags                                           = {
          [32m+[0m[0m "Env"     = "dev"
          [32m+[0m[0m "Name"    = "pgp-search-private-2"
          [32m+[0m[0m "Project" = "PGP-SearchEngine"
          [32m+[0m[0m "Tier"    = "private"
        }
      [32m+[0m[0m tags_all                                       = {
          [32m+[0m[0m "Env"       = "dev"
          [32m+[0m[0m "ManagedBy" = "Terraform"
          [32m+[0m[0m "Name"      = "pgp-search-private-2"
          [32m+[0m[0m "Project"   = "PGP-SearchEngine"
          [32m+[0m[0m "Tier"      = "private"
        }
      [32m+[0m[0m vpc_id                                         = (known after apply)
    }

[1m  # aws_subnet.public[0][0m will be created
[0m  [32m+[0m[0m resource "aws_subnet" "public" {
      [32m+[0m[0m arn                                            = (known after apply)
      [32m+[0m[0m assign_ipv6_address_on_creation                = false
      [32m+[0m[0m availability_zone                              = "us-east-1a"
      [32m+[0m[0m availability_zone_id                           = (known after apply)
      [32m+[0m[0m cidr_block                                     = "10.20.0.0/24"
      [32m+[0m[0m enable_dns64                                   = false
      [32m+[0m[0m enable_resource_name_dns_a_record_on_launch    = false
      [32m+[0m[0m enable_resource_name_dns_aaaa_record_on_launch = false
      [32m+[0m[0m id                                             = (known after apply)
      [32m+[0m[0m ipv6_cidr_block_association_id                 = (known after apply)
      [32m+[0m[0m ipv6_native                                    = false
      [32m+[0m[0m map_public_ip_on_launch                        = true
      [32m+[0m[0m owner_id                                       = (known after apply)
      [32m+[0m[0m private_dns_hostname_type_on_launch            = (known after apply)
      [32m+[0m[0m tags                                           = {
          [32m+[0m[0m "Env"     = "dev"
          [32m+[0m[0m "Name"    = "pgp-search-public-1"
          [32m+[0m[0m "Project" = "PGP-SearchEngine"
          [32m+[0m[0m "Tier"    = "public"
        }
      [32m+[0m[0m tags_all                                       = {
          [32m+[0m[0m "Env"       = "dev"
          [32m+[0m[0m "ManagedBy" = "Terraform"
          [32m+[0m[0m "Name"      = "pgp-search-public-1"
          [32m+[0m[0m "Project"   = "PGP-SearchEngine"
          [32m+[0m[0m "Tier"      = "public"
        }
      [32m+[0m[0m vpc_id                                         = (known after apply)
    }

[1m  # aws_subnet.public[1][0m will be created
[0m  [32m+[0m[0m resource "aws_subnet" "public" {
      [32m+[0m[0m arn                                            = (known after apply)
      [32m+[0m[0m assign_ipv6_address_on_creation                = false
      [32m+[0m[0m availability_zone                              = "us-east-1b"
      [32m+[0m[0m availability_zone_id                           = (known after apply)
      [32m+[0m[0m cidr_block                                     = "10.20.1.0/24"
      [32m+[0m[0m enable_dns64                                   = false
      [32m+[0m[0m enable_resource_name_dns_a_record_on_launch    = false
      [32m+[0m[0m enable_resource_name_dns_aaaa_record_on_launch = false
      [32m+[0m[0m id                                             = (known after apply)
      [32m+[0m[0m ipv6_cidr_block_association_id                 = (known after apply)
      [32m+[0m[0m ipv6_native                                    = false
      [32m+[0m[0m map_public_ip_on_launch                        = true
      [32m+[0m[0m owner_id                                       = (known after apply)
      [32m+[0m[0m private_dns_hostname_type_on_launch            = (known after apply)
      [32m+[0m[0m tags                                           = {
          [32m+[0m[0m "Env"     = "dev"
          [32m+[0m[0m "Name"    = "pgp-search-public-2"
          [32m+[0m[0m "Project" = "PGP-SearchEngine"
          [32m+[0m[0m "Tier"    = "public"
        }
      [32m+[0m[0m tags_all                                       = {
          [32m+[0m[0m "Env"       = "dev"
          [32m+[0m[0m "ManagedBy" = "Terraform"
          [32m+[0m[0m "Name"      = "pgp-search-public-2"
          [32m+[0m[0m "Project"   = "PGP-SearchEngine"
          [32m+[0m[0m "Tier"      = "public"
        }
      [32m+[0m[0m vpc_id                                         = (known after apply)
    }

[1m  # aws_vpc.main[0m will be created
[0m  [32m+[0m[0m resource "aws_vpc" "main" {
      [32m+[0m[0m arn                                  = (known after apply)
      [32m+[0m[0m cidr_block                           = "10.20.0.0/16"
      [32m+[0m[0m default_network_acl_id               = (known after apply)
      [32m+[0m[0m default_route_table_id               = (known after apply)
      [32m+[0m[0m default_security_group_id            = (known after apply)
      [32m+[0m[0m dhcp_options_id                      = (known after apply)
      [32m+[0m[0m enable_dns_hostnames                 = true
      [32m+[0m[0m enable_dns_support                   = true
      [32m+[0m[0m enable_network_address_usage_metrics = (known after apply)
      [32m+[0m[0m id                                   = (known after apply)
      [32m+[0m[0m instance_tenancy                     = "default"
      [32m+[0m[0m ipv6_association_id                  = (known after apply)
      [32m+[0m[0m ipv6_cidr_block                      = (known after apply)
      [32m+[0m[0m ipv6_cidr_block_network_border_group = (known after apply)
      [32m+[0m[0m main_route_table_id                  = (known after apply)
      [32m+[0m[0m owner_id                             = (known after apply)
      [32m+[0m[0m tags                                 = {
          [32m+[0m[0m "Env"     = "dev"
          [32m+[0m[0m "Name"    = "pgp-search-vpc"
          [32m+[0m[0m "Project" = "PGP-SearchEngine"
        }
      [32m+[0m[0m tags_all                             = {
          [32m+[0m[0m "Env"       = "dev"
          [32m+[0m[0m "ManagedBy" = "Terraform"
          [32m+[0m[0m "Name"      = "pgp-search-vpc"
          [32m+[0m[0m "Project"   = "PGP-SearchEngine"
        }
    }

[1m  # aws_vpc_endpoint.s3[0m will be created
[0m  [32m+[0m[0m resource "aws_vpc_endpoint" "s3" {
      [32m+[0m[0m arn                   = (known after apply)
      [32m+[0m[0m cidr_blocks           = (known after apply)
      [32m+[0m[0m dns_entry             = (known after apply)
      [32m+[0m[0m id                    = (known after apply)
      [32m+[0m[0m ip_address_type       = (known after apply)
      [32m+[0m[0m network_interface_ids = (known after apply)
      [32m+[0m[0m owner_id              = (known after apply)
      [32m+[0m[0m policy                = (known after apply)
      [32m+[0m[0m prefix_list_id        = (known after apply)
      [32m+[0m[0m private_dns_enabled   = (known after apply)
      [32m+[0m[0m requester_managed     = (known after apply)
      [32m+[0m[0m route_table_ids       = (known after apply)
      [32m+[0m[0m security_group_ids    = (known after apply)
      [32m+[0m[0m service_name          = "com.amazonaws.us-east-1.s3"
      [32m+[0m[0m service_region        = (known after apply)
      [32m+[0m[0m state                 = (known after apply)
      [32m+[0m[0m subnet_ids            = (known after apply)
      [32m+[0m[0m tags                  = {
          [32m+[0m[0m "Env"     = "dev"
          [32m+[0m[0m "Name"    = "pgp-search-s3-endpoint"
          [32m+[0m[0m "Project" = "PGP-SearchEngine"
        }
      [32m+[0m[0m tags_all              = {
          [32m+[0m[0m "Env"       = "dev"
          [32m+[0m[0m "ManagedBy" = "Terraform"
          [32m+[0m[0m "Name"      = "pgp-search-s3-endpoint"
          [32m+[0m[0m "Project"   = "PGP-SearchEngine"
        }
      [32m+[0m[0m vpc_endpoint_type     = "Gateway"
      [32m+[0m[0m vpc_id                = (known after apply)

      [32m+[0m[0m dns_options (known after apply)

      [32m+[0m[0m subnet_configuration (known after apply)
    }

[1mPlan:[0m 42 to add, 0 to change, 0 to destroy.
[0m
Changes to Outputs:
  [32m+[0m[0m docstore_bucket     = "pgp-docstore-138312698703"
  [32m+[0m[0m intermediate_bucket = "pgp-intermediary-138312698703"
  [32m+[0m[0m lambda_names        = {
      [32m+[0m[0m gateway  = "pgp-search-gateway"
      [32m+[0m[0m pdftotxt = "pgp-pdftotxt"
      [32m+[0m[0m search   = "pgp-search-function"
      [32m+[0m[0m upload   = "pgp-upload-to-search"
    }
  [32m+[0m[0m opensearch_endpoint = (known after apply)
[90m
─────────────────────────────────────────────────────────────────────────────[0m

Note: You didn't use the -out option to save this plan, so Terraform can't
guarantee to take exactly these actions if you run "terraform apply" now.
